
Microsoft Visual Studio Solution File, Format Version 12.00
# Visual Studio Version 17
VisualStudioVersion = 17.0.31903.59
MinimumVisualStudioVersion = 10.0.40219.1
Project("{FAE04EC0-301F-11D3-BF4B-00C04F79EFBC}") = "CaesarCipher", "CaesarCipher.csproj", "{B5D41B1B-6B6E-42C0-8B01-B5DA70AF793F}"
EndProject
Global
	GlobalSection(SolutionConfigurationPlatforms) = preSolution
		Debug|Any CPU = Debug|Any CPU
		Release|Any CPU = Release|Any CPU
	EndGlobalSection
	GlobalSection(ProjectConfigurationPlatforms) = postSolution
		{B5D41B1B-6B6E-42C0-8B01-B5DA70AF793F}.Debug|Any CPU.ActiveCfg = Debug|Any CPU
		{B5D41B1B-6B6E-42C0-8B01-B5DA70AF793F}.Debug|Any CPU.Build.0 = Debug|Any CPU
		{B5D41B1B-6B6E-42C0-8B01-B5DA70AF793F}.Release|Any CPU.ActiveCfg = Release|Any CPU
		{B5D41B1B-6B6E-42C0-8B01-B5DA70AF793F}.Release|Any CPU.Build.0 = Release|Any CPU
	EndGlobalSection
	GlobalSection(SolutionProperties) = preSolution
		HideSolutionNode = FALSE
	EndGlobalSection
	GlobalSection(ExtensibilityGlobals) = postSolution
		SolutionGuid = {B2647024-C465-4EA5-996E-C282C385B951}
	EndGlobalSection
EndGlobal
